{
  "name": "catchbart3",
  "version": "0.1.0",
  "lockfileVersion": 1,
  "requires": true,
  "dependencies": {
    "object-assign": {
      "version": "4.1.1",
      "resolved": "https://registry.npmjs.org/object-assign/-/object-assign-4.1.1.tgz",
      "integrity": "sha1-IQmtx5ZYh8/AXLvUQsrIv7s2CGM="
    },
    "react-ga": {
      "version": "2.3.5",
      "resolved": "https://registry.npmjs.org/react-ga/-/react-ga-2.3.5.tgz",
      "integrity": "sha512-tK+Ukzv8xnQB0n47zzPLrIzYKLX0g2941ZylgD45w/akOKe2MMP3JteeOMra9F2wWj0hd2r+v3ol/sCM8MKqmw==",
      "requires": {
        "object-assign": "4.1.1"
      }
    }
  }
}
